
Microsoft Visual Studio Solution File, Format Version 12.00
# Visual Studio Version 16
VisualStudioVersion = 16.0.32228.343
MinimumVisualStudioVersion = 10.0.40219.1
Project("{9A19103F-16F7-4668-BE54-9A1E7A4F7556}") = "DreamyApi2", "DreamyApi2\DreamyApi2.csproj", "{8B11BB46-DF24-423E-8D6A-5B1FFFC2AA12}"
EndProject
Project("{FAE04EC0-301F-11D3-BF4B-00C04F79EFBC}") = "DreamyApi.Tests", "DreamyLibrary.Tests\DreamyApi.Tests.csproj", "{C9770D3B-CF85-4B25-99C5-B633FB3086F3}"
EndProject
Global
	GlobalSection(SolutionConfigurationPlatforms) = preSolution
		Debug|Any CPU = Debug|Any CPU
		Release|Any CPU = Release|Any CPU
	EndGlobalSection
	GlobalSection(ProjectConfigurationPlatforms) = postSolution
		{8B11BB46-DF24-423E-8D6A-5B1FFFC2AA12}.Debug|Any CPU.ActiveCfg = Debug|Any CPU
		{8B11BB46-DF24-423E-8D6A-5B1FFFC2AA12}.Debug|Any CPU.Build.0 = Debug|Any CPU
		{8B11BB46-DF24-423E-8D6A-5B1FFFC2AA12}.Release|Any CPU.ActiveCfg = Release|Any CPU
		{8B11BB46-DF24-423E-8D6A-5B1FFFC2AA12}.Release|Any CPU.Build.0 = Release|Any CPU
		{C9770D3B-CF85-4B25-99C5-B633FB3086F3}.Debug|Any CPU.ActiveCfg = Debug|Any CPU
		{C9770D3B-CF85-4B25-99C5-B633FB3086F3}.Debug|Any CPU.Build.0 = Debug|Any CPU
		{C9770D3B-CF85-4B25-99C5-B633FB3086F3}.Release|Any CPU.ActiveCfg = Release|Any CPU
		{C9770D3B-CF85-4B25-99C5-B633FB3086F3}.Release|Any CPU.Build.0 = Release|Any CPU
	EndGlobalSection
	GlobalSection(SolutionProperties) = preSolution
		HideSolutionNode = FALSE
	EndGlobalSection
	GlobalSection(ExtensibilityGlobals) = postSolution
		SolutionGuid = {A4562C04-0FDA-4F0E-BDE9-C1EF7656B8E3}
	EndGlobalSection
EndGlobal
